
Microsoft Visual Studio Solution File, Format Version 12.00
# Visual Studio Version 16
VisualStudioVersion = 16.0.32901.82
MinimumVisualStudioVersion = 10.0.40219.1
Project("{9A19103F-16F7-4668-BE54-9A1E7A4F7556}") = "passGen", "test_for_pet_project\passGen.csproj", "{6EF7E923-0467-4437-83CE-28036B7F42A8}"
EndProject
Global
	GlobalSection(SolutionConfigurationPlatforms) = preSolution
		Debug|Any CPU = Debug|Any CPU
		Release|Any CPU = Release|Any CPU
	EndGlobalSection
	GlobalSection(ProjectConfigurationPlatforms) = postSolution
		{6EF7E923-0467-4437-83CE-28036B7F42A8}.Debug|Any CPU.ActiveCfg = Debug|Any CPU
		{6EF7E923-0467-4437-83CE-28036B7F42A8}.Debug|Any CPU.Build.0 = Debug|Any CPU
		{6EF7E923-0467-4437-83CE-28036B7F42A8}.Release|Any CPU.ActiveCfg = Release|Any CPU
		{6EF7E923-0467-4437-83CE-28036B7F42A8}.Release|Any CPU.Build.0 = Release|Any CPU
	EndGlobalSection
	GlobalSection(SolutionProperties) = preSolution
		HideSolutionNode = FALSE
	EndGlobalSection
	GlobalSection(ExtensibilityGlobals) = postSolution
		SolutionGuid = {7CD12A01-CB72-43DB-8728-5F086E737288}
	EndGlobalSection
EndGlobal
