
Microsoft Visual Studio Solution File, Format Version 12.00
# Visual Studio Version 16
VisualStudioVersion = 16.0.31515.178
MinimumVisualStudioVersion = 10.0.40219.1
Project("{FAE04EC0-301F-11D3-BF4B-00C04F79EFBC}") = "DB", "DB\DB.csproj", "{430A4928-C836-46CC-A912-77613E7D012B}"
EndProject
Global
	GlobalSection(SolutionConfigurationPlatforms) = preSolution
		Debug|Any CPU = Debug|Any CPU
		Release|Any CPU = Release|Any CPU
	EndGlobalSection
	GlobalSection(ProjectConfigurationPlatforms) = postSolution
		{430A4928-C836-46CC-A912-77613E7D012B}.Debug|Any CPU.ActiveCfg = Debug|Any CPU
		{430A4928-C836-46CC-A912-77613E7D012B}.Debug|Any CPU.Build.0 = Debug|Any CPU
		{430A4928-C836-46CC-A912-77613E7D012B}.Release|Any CPU.ActiveCfg = Release|Any CPU
		{430A4928-C836-46CC-A912-77613E7D012B}.Release|Any CPU.Build.0 = Release|Any CPU
	EndGlobalSection
	GlobalSection(SolutionProperties) = preSolution
		HideSolutionNode = FALSE
	EndGlobalSection
	GlobalSection(ExtensibilityGlobals) = postSolution
		SolutionGuid = {1FDF438F-5D5B-4D19-8802-6AD16013492F}
	EndGlobalSection
EndGlobal
